
Microsoft Visual Studio Solution File, Format Version 12.00
# Visual Studio Version 16
VisualStudioVersion = 16.0.29609.76
MinimumVisualStudioVersion = 10.0.40219.1
Project("{FAE04EC0-301F-11D3-BF4B-00C04F79EFBC}") = "FractionLib", "FractionLib\FractionLib.csproj", "{AEBF8F42-F54D-41B5-B531-1047C01534D0}"
EndProject
Project("{FAE04EC0-301F-11D3-BF4B-00C04F79EFBC}") = "FrationUnitTest", "FrationUnitTest\FrationUnitTest.csproj", "{79EC801E-430C-4707-802E-EB06F535E8F8}"
EndProject
Global
	GlobalSection(SolutionConfigurationPlatforms) = preSolution
		Debug|Any CPU = Debug|Any CPU
		Release|Any CPU = Release|Any CPU
	EndGlobalSection
	GlobalSection(ProjectConfigurationPlatforms) = postSolution
		{AEBF8F42-F54D-41B5-B531-1047C01534D0}.Debug|Any CPU.ActiveCfg = Debug|Any CPU
		{AEBF8F42-F54D-41B5-B531-1047C01534D0}.Debug|Any CPU.Build.0 = Debug|Any CPU
		{AEBF8F42-F54D-41B5-B531-1047C01534D0}.Release|Any CPU.ActiveCfg = Release|Any CPU
		{AEBF8F42-F54D-41B5-B531-1047C01534D0}.Release|Any CPU.Build.0 = Release|Any CPU
		{79EC801E-430C-4707-802E-EB06F535E8F8}.Debug|Any CPU.ActiveCfg = Debug|Any CPU
		{79EC801E-430C-4707-802E-EB06F535E8F8}.Debug|Any CPU.Build.0 = Debug|Any CPU
		{79EC801E-430C-4707-802E-EB06F535E8F8}.Release|Any CPU.ActiveCfg = Release|Any CPU
		{79EC801E-430C-4707-802E-EB06F535E8F8}.Release|Any CPU.Build.0 = Release|Any CPU
	EndGlobalSection
	GlobalSection(SolutionProperties) = preSolution
		HideSolutionNode = FALSE
	EndGlobalSection
	GlobalSection(ExtensibilityGlobals) = postSolution
		SolutionGuid = {FE8596C6-7BCF-48DA-A3A4-A230324D45EC}
	EndGlobalSection
EndGlobal
